
Microsoft Visual Studio Solution File, Format Version 12.00
# Visual Studio Version 17
VisualStudioVersion = 17.6.33829.357
MinimumVisualStudioVersion = 10.0.40219.1
Project("{FAE04EC0-301F-11D3-BF4B-00C04F79EFBC}") = "Login", "Login\Login.csproj", "{42171D7A-DD9C-4721-9A0F-7BF995E05EC5}"
EndProject
Global
	GlobalSection(SolutionConfigurationPlatforms) = preSolution
		Debug|Any CPU = Debug|Any CPU
		Release|Any CPU = Release|Any CPU
	EndGlobalSection
	GlobalSection(ProjectConfigurationPlatforms) = postSolution
		{42171D7A-DD9C-4721-9A0F-7BF995E05EC5}.Debug|Any CPU.ActiveCfg = Debug|Any CPU
		{42171D7A-DD9C-4721-9A0F-7BF995E05EC5}.Debug|Any CPU.Build.0 = Debug|Any CPU
		{42171D7A-DD9C-4721-9A0F-7BF995E05EC5}.Release|Any CPU.ActiveCfg = Release|Any CPU
		{42171D7A-DD9C-4721-9A0F-7BF995E05EC5}.Release|Any CPU.Build.0 = Release|Any CPU
	EndGlobalSection
	GlobalSection(SolutionProperties) = preSolution
		HideSolutionNode = FALSE
	EndGlobalSection
	GlobalSection(ExtensibilityGlobals) = postSolution
		SolutionGuid = {8C65DA02-3DF2-4A8A-84BE-3642027AF3EF}
	EndGlobalSection
EndGlobal
